// !$*UTF8*$!
{
	archiveVersion = 1;
	classes = {
	};
	objectVersion = 77;
	objects = {

/* Begin PBXContainerItemProxy section */
		D984FF612CB7B8F600EF30B7 /* PBXContainerItemProxy */ = {
			isa = PBXContainerItemProxy;
			containerPortal = D984FF422CB7B8F400EF30B7 /* Project object */;
			proxyType = 1;
			remoteGlobalIDString = D984FF492CB7B8F400EF30B7;
			remoteInfo = StoryBoard;
		};
		D984FF6B2CB7B8F600EF30B7 /* PBXContainerItemProxy */ = {
			isa = PBXContainerItemProxy;
			containerPortal = D984FF422CB7B8F400EF30B7 /* Project object */;
			proxyType = 1;
			remoteGlobalIDString = D984FF492CB7B8F400EF30B7;
			remoteInfo = StoryBoard;
		};
/* End PBXContainerItemProxy section */

/* Begin PBXFileReference section */
		D984FF4A2CB7B8F400EF30B7 /* StoryBoard.app */ = {isa = PBXFileReference; explicitFileType = wrapper.application; includeInIndex = 0; path = StoryBoard.app; sourceTree = BUILT_PRODUCTS_DIR; };
		D984FF602CB7B8F600EF30B7 /* StoryBoardTests.xctest */ = {isa = PBXFileReference; explicitFileType = wrapper.cfbundle; includeInIndex = 0; path = StoryBoardTests.xctest; sourceTree = BUILT_PRODUCTS_DIR; };
		D984FF6A2CB7B8F600EF30B7 /* StoryBoardUITests.xctest */ = {isa = PBXFileReference; explicitFileType = wrapper.cfbundle; includeInIndex = 0; path = StoryBoardUITests.xctest; sourceTree = BUILT_PRODUCTS_DIR; };
/* End PBXFileReference section */

/* Begin PBXFileSystemSynchronizedBuildFileExceptionSet section */
		D984FF722CB7B8F600EF30B7 /* Exceptions for "StoryBoard" folder in "StoryBoard" target */ = {
			isa = PBXFileSystemSynchronizedBuildFileExceptionSet;
			membershipExceptions = (
				Info.plist,
			);
			target = D984FF492CB7B8F400EF30B7 /* StoryBoard */;
		};
/* End PBXFileSystemSynchronizedBuildFileExceptionSet section */

/* Begin PBXFileSystemSynchronizedRootGroup section */
		D984FF4C2CB7B8F400EF30B7 /* StoryBoard */ = {
			isa = PBXFileSystemSynchronizedRootGroup;
			exceptions = (
				D984FF722CB7B8F600EF30B7 /* Exceptions for "StoryBoard" folder in "StoryBoard" target */,
			);
			path = StoryBoard;
			sourceTree = "<group>";
		};
		D984FF632CB7B8F600EF30B7 /* StoryBoardTests */ = {
			isa = PBXFileSystemSynchronizedRootGroup;
			path = StoryBoardTests;
			sourceTree = "<group>";
		};
		D984FF6D2CB7B8F600EF30B7 /* StoryBoardUITests */ = {
			isa = PBXFileSystemSynchronizedRootGroup;
			path = StoryBoardUITests;
			sourceTree = "<group>";
		};
/* End PBXFileSystemSynchronizedRootGroup section */

/* Begin PBXFrameworksBuildPhase section */
		D984FF472CB7B8F400EF30B7 /* Frameworks */ = {
			isa = PBXFrameworksBuildPhase;
			buildActionMask = 2147483647;
			files = (
			);
			runOnlyForDeploymentPostprocessing = 0;
		};
		D984FF5D2CB7B8F600EF30B7 /* Frameworks */ = {
			isa = PBXFrameworksBuildPhase;
			buildActionMask = 2147483647;
			files = (
			);
			runOnlyForDeploymentPostprocessing = 0;
		};
		D984FF672CB7B8F600EF30B7 /* Frameworks */ = {
			isa = PBXFrameworksBuildPhase;
			buildActionMask = 2147483647;
			files = (
			);
			runOnlyForDeploymentPostprocessing = 0;
		};
/* End PBXFrameworksBuildPhase section */

/* Begin PBXGroup section */
		D984FF412CB7B8F400EF30B7 = {
			isa = PBXGroup;
			children = (
				D984FF4C2CB7B8F400EF30B7 /* StoryBoard */,
				D984FF632CB7B8F600EF30B7 /* StoryBoardTests */,
				D984FF6D2CB7B8F600EF30B7 /* StoryBoardUITests */,
				D984FF4B2CB7B8F400EF30B7 /* Products */,
			);
			sourceTree = "<group>";
		};
		D984FF4B2CB7B8F400EF30B7 /* Products */ = {
			isa = PBXGroup;
			children = (
				D984FF4A2CB7B8F400EF30B7 /* StoryBoard.app */,
				D984FF602CB7B8F600EF30B7 /* StoryBoardTests.xctest */,
				D984FF6A2CB7B8F600EF30B7 /* StoryBoardUITests.xctest */,
			);
			name = Products;
			sourceTree = "<group>";
		};
/* End PBXGroup section */

/* Begin PBXNativeTarget section */
		D984FF492CB7B8F400EF30B7 /* StoryBoard */ = {
			isa = PBXNativeTarget;
			buildConfigurationList = D984FF732CB7B8F600EF30B7 /* Build configuration list for PBXNativeTarget "StoryBoard" */;
			buildPhases = (
				D984FF462CB7B8F400EF30B7 /* Sources */,
				D984FF472CB7B8F400EF30B7 /* Frameworks */,
				D984FF482CB7B8F400EF30B7 /* Resources */,
			);
			buildRules = (
			);
			dependencies = (
			);
			fileSystemSynchronizedGroups = (
				D984FF4C2CB7B8F400EF30B7 /* StoryBoard */,
			);
			name = StoryBoard;
			packageProductDependencies = (
			);
			productName = StoryBoard;
			productReference = D984FF4A2CB7B8F400EF30B7 /* StoryBoard.app */;
			productType = "com.apple.product-type.application";
		};
		D984FF5F2CB7B8F600EF30B7 /* StoryBoardTests */ = {
			isa = PBXNativeTarget;
			buildConfigurationList = D984FF782CB7B8F600EF30B7 /* Build configuration list for PBXNativeTarget "StoryBoardTests" */;
			buildPhases = (
				D984FF5C2CB7B8F600EF30B7 /* Sources */,
				D984FF5D2CB7B8F600EF30B7 /* Frameworks */,
				D984FF5E2CB7B8F600EF30B7 /* Resources */,
			);
			buildRules = (
			);
			dependencies = (
				D984FF622CB7B8F600EF30B7 /* PBXTargetDependency */,
			);
			fileSystemSynchronizedGroups = (
				D984FF632CB7B8F600EF30B7 /* StoryBoardTests */,
			);
			name = StoryBoardTests;
			packageProductDependencies = (
			);
			productName = StoryBoardTests;
			productReference = D984FF602CB7B8F600EF30B7 /* StoryBoardTests.xctest */;
			productType = "com.apple.product-type.bundle.unit-test";
		};
		D984FF692CB7B8F600EF30B7 /* StoryBoardUITests */ = {
			isa = PBXNativeTarget;
			buildConfigurationList = D984FF7B2CB7B8F600EF30B7 /* Build configuration list for PBXNativeTarget "StoryBoardUITests" */;
			buildPhases = (
				D984FF662CB7B8F600EF30B7 /* Sources */,
				D984FF672CB7B8F600EF30B7 /* Frameworks */,
				D984FF682CB7B8F600EF30B7 /* Resources */,
			);
			buildRules = (
			);
			dependencies = (
				D984FF6C2CB7B8F600EF30B7 /* PBXTargetDependency */,
			);
			fileSystemSynchronizedGroups = (
				D984FF6D2CB7B8F600EF30B7 /* StoryBoardUITests */,
			);
			name = StoryBoardUITests;
			packageProductDependencies = (
			);
			productName = StoryBoardUITests;
			productReference = D984FF6A2CB7B8F600EF30B7 /* StoryBoardUITests.xctest */;
			productType = "com.apple.product-type.bundle.ui-testing";
		};
/* End PBXNativeTarget section */

/* Begin PBXProject section */
		D984FF422CB7B8F400EF30B7 /* Project object */ = {
			isa = PBXProject;
			attributes = {
				BuildIndependentTargetsInParallel = 1;
				LastSwiftUpdateCheck = 1600;
				LastUpgradeCheck = 1600;
				TargetAttributes = {
					D984FF492CB7B8F400EF30B7 = {
						CreatedOnToolsVersion = 16.0;
					};
					D984FF5F2CB7B8F600EF30B7 = {
						CreatedOnToolsVersion = 16.0;
						TestTargetID = D984FF492CB7B8F400EF30B7;
					};
					D984FF692CB7B8F600EF30B7 = {
						CreatedOnToolsVersion = 16.0;
						TestTargetID = D984FF492CB7B8F400EF30B7;
					};
				};
			};
			buildConfigurationList = D984FF452CB7B8F400EF30B7 /* Build configuration list for PBXProject "StoryBoard" */;
			developmentRegion = en;
			hasScannedForEncodings = 0;
			knownRegions = (
				en,
				Base,
			);
			mainGroup = D984FF412CB7B8F400EF30B7;
			minimizedProjectReferenceProxies = 1;
			preferredProjectObjectVersion = 77;
			productRefGroup = D984FF4B2CB7B8F400EF30B7 /* Products */;
			projectDirPath = "";
			projectRoot = "";
			targets = (
				D984FF492CB7B8F400EF30B7 /* StoryBoard */,
				D984FF5F2CB7B8F600EF30B7 /* StoryBoardTests */,
				D984FF692CB7B8F600EF30B7 /* StoryBoardUITests */,
			);
		};
/* End PBXProject section */

/* Begin PBXResourcesBuildPhase section */
		D984FF482CB7B8F400EF30B7 /* Resources */ = {
			isa = PBXResourcesBuildPhase;
			buildActionMask = 2147483647;
			files = (
			);
			runOnlyForDeploymentPostprocessing = 0;
		};
		D984FF5E2CB7B8F600EF30B7 /* Resources */ = {
			isa = PBXResourcesBuildPhase;
			buildActionMask = 2147483647;
			files = (
			);
			runOnlyForDeploymentPostprocessing = 0;
		};
		D984FF682CB7B8F600EF30B7 /* Resources */ = {
			isa = PBXResourcesBuildPhase;
			buildActionMask = 2147483647;
			files = (
			);
			runOnlyForDeploymentPostprocessing = 0;
		};
/* End PBXResourcesBuildPhase section */

/* Begin PBXSourcesBuildPhase section */
		D984FF462CB7B8F400EF30B7 /* Sources */ = {
			isa = PBXSourcesBuildPhase;
			buildActionMask = 2147483647;
			files = (
			);
			runOnlyForDeploymentPostprocessing = 0;
		};
		D984FF5C2CB7B8F600EF30B7 /* Sources */ = {
			isa = PBXSourcesBuildPhase;
			buildActionMask = 2147483647;
			files = (
			);
			runOnlyForDeploymentPostprocessing = 0;
		};
		D984FF662CB7B8F600EF30B7 /* Sources */ = {
			isa = PBXSourcesBuildPhase;
			buildActionMask = 2147483647;
			files = (
			);
			runOnlyForDeploymentPostprocessing = 0;
		};
/* End PBXSourcesBuildPhase section */

/* Begin PBXTargetDependency section */
		D984FF622CB7B8F600EF30B7 /* PBXTargetDependency */ = {
			isa = PBXTargetDependency;
			target = D984FF492CB7B8F400EF30B7 /* StoryBoard */;
			targetProxy = D984FF612CB7B8F600EF30B7 /* PBXContainerItemProxy */;
		};
		D984FF6C2CB7B8F600EF30B7 /* PBXTargetDependency */ = {
			isa = PBXTargetDependency;
			target = D984FF492CB7B8F400EF30B7 /* StoryBoard */;
			targetProxy = D984FF6B2CB7B8F600EF30B7 /* PBXContainerItemProxy */;
		};
/* End PBXTargetDependency section */

/* Begin XCBuildConfiguration section */
		D984FF742CB7B8F600EF30B7 /* Debug */ = {
			isa = XCBuildConfiguration;
			buildSettings = {
				ASSETCATALOG_COMPILER_APPICON_NAME = AppIcon;
				ASSETCATALOG_COMPILER_GLOBAL_ACCENT_COLOR_NAME = AccentColor;
				CODE_SIGN_STYLE = Automatic;
				CURRENT_PROJECT_VERSION = 1;
				GENERATE_INFOPLIST_FILE = YES;
				INFOPLIST_FILE = StoryBoard/Info.plist;
				INFOPLIST_KEY_UIApplicationSupportsIndirectInputEvents = YES;
				INFOPLIST_KEY_UILaunchStoryboardName = LaunchScreen;
				INFOPLIST_KEY_UIMainStoryboardFile = Main;
				INFOPLIST_KEY_UISupportedInterfaceOrientations_iPad = "UIInterfaceOrientationPortrait UIInterfaceOrientationPortraitUpsideDown UIInterfaceOrientationLandscapeLeft UIInterfaceOrientationLandscapeRight";
				INFOPLIST_KEY_UISupportedInterfaceOrientations_iPhone = "UIInterfaceOrientationPortrait UIInterfaceOrientationLandscapeLeft UIInterfaceOrientationLandscapeRight";
				LD_RUNPATH_SEARCH_PATHS = (
					"$(inherited)",
					"@executable_path/Frameworks",
				);
				MARKETING_VERSION = 1.0;
				PRODUCT_BUNDLE_IDENTIFIER = com.me.StoryBoard;
				PRODUCT_NAME = "$(TARGET_NAME)";
				SWIFT_EMIT_LOC_STRINGS = YES;
				SWIFT_VERSION = 5.0;
				TARGETED_DEVICE_FAMILY = "1,2";
			};
			name = Debug;
		};
		D984FF752CB7B8F600EF30B7 /* Release */ = {
			isa = XCBuildConfiguration;
			buildSettings = {
				ASSETCATALOG_COMPILER_APPICON_NAME = AppIcon;
				ASSETCATALOG_COMPILER_GLOBAL_ACCENT_COLOR_NAME = AccentColor;
				CODE_SIGN_STYLE = Automatic;
				CURRENT_PROJECT_VERSION = 1;
				GENERATE_INFOPLIST_FILE = YES;
				INFOPLIST_FILE = StoryBoard/Info.plist;
				INFOPLIST_KEY_UIApplicationSupportsIndirectInputEvents = YES;
				INFOPLIST_KEY_UILaunchStoryboardName = LaunchScreen;
				INFOPLIST_KEY_UIMainStoryboardFile = Main;
				INFOPLIST_KEY_UISupportedInterfaceOrientations_iPad = "UIInterfaceOrientationPortrait UIInterfaceOrientationPortraitUpsideDown UIInterfaceOrientationLandscapeLeft UIInterfaceOrientationLandscapeRight";
				INFOPLIST_KEY_UISupportedInterfaceOrientations_iPhone = "UIInterfaceOrientationPortrait UIInterfaceOrientationLandscapeLeft UIInterfaceOrientationLandscapeRight";
				LD_RUNPATH_SEARCH_PATHS = (
					"$(inherited)",
					"@executable_path/Frameworks",
				);
				MARKETING_VERSION = 1.0;
				PRODUCT_BUNDLE_IDENTIFIER = com.me.StoryBoard;
				PRODUCT_NAME = "$(TARGET_NAME)";
				SWIFT_EMIT_LOC_STRINGS = YES;
				SWIFT_VERSION = 5.0;
				TARGETED_DEVICE_FAMILY = "1,2";
			};
			name = Release;
		};
		D984FF762CB7B8F600EF30B7 /* Debug */ = {
			isa = XCBuildConfiguration;
			buildSettings = {
				ALWAYS_SEARCH_USER_PATHS = NO;
				ASSETCATALOG_COMPILER_GENERATE_SWIFT_ASSET_SYMBOL_EXTENSIONS = YES;
				CLANG_ANALYZER_NONNULL = YES;
				CLANG_ANALYZER_NUMBER_OBJECT_CONVERSION = YES_AGGRESSIVE;
				CLANG_CXX_LANGUAGE_STANDARD = "gnu++20";
				CLANG_ENABLE_MODULES = YES;
				CLANG_ENABLE_OBJC_ARC = YES;
				CLANG_ENABLE_OBJC_WEAK = YES;
				CLANG_WARN_BLOCK_CAPTURE_AUTORELEASING = YES;
				CLANG_WARN_BOOL_CONVERSION = YES;
				CLANG_WARN_COMMA = YES;
				CLANG_WARN_CONSTANT_CONVERSION = YES;
				CLANG_WARN_DEPRECATED_OBJC_IMPLEMENTATIONS = YES;
				CLANG_WARN_DIRECT_OBJC_ISA_USAGE = YES_ERROR;
				CLANG_WARN_DOCUMENTATION_COMMENTS = YES;
				CLANG_WARN_EMPTY_BODY = YES;
				CLANG_WARN_ENUM_CONVERSION = YES;
				CLANG_WARN_INFINITE_RECURSION = YES;
				CLANG_WARN_INT_CONVERSION = YES;
				CLANG_WARN_NON_LITERAL_NULL_CONVERSION = YES;
				CLANG_WARN_OBJC_IMPLICIT_RETAIN_SELF = YES;
				CLANG_WARN_OBJC_LITERAL_CONVERSION = YES;
				CLANG_WARN_OBJC_ROOT_CLASS = YES_ERROR;
				CLANG_WARN_QUOTED_INCLUDE_IN_FRAMEWORK_HEADER = YES;
				CLANG_WARN_RANGE_LOOP_ANALYSIS = YES;
				CLANG_WARN_STRICT_PROTOTYPES = YES;
				CLANG_WARN_SUSPICIOUS_MOVE = YES;
				CLANG_WARN_UNGUARDED_AVAILABILITY = YES_AGGRESSIVE;
				CLANG_WARN_UNREACHABLE_CODE = YES;
				CLANG_WARN__DUPLICATE_METHOD_MATCH = YES;
				COPY_PHASE_STRIP = NO;
				DEBUG_INFORMATION_FORMAT = dwarf;
				ENABLE_STRICT_OBJC_MSGSEND = YES;
				ENABLE_TESTABILITY = YES;
				ENABLE_USER_SCRIPT_SANDBOXING = YES;
				GCC_C_LANGUAGE_STANDARD = gnu17;
				GCC_DYNAMIC_NO_PIC = NO;
				GCC_NO_COMMON_BLOCKS = YES;
				GCC_OPTIMIZATION_LEVEL = 0;
				GCC_PREPROCESSOR_DEFINITIONS = (
					"DEBUG=1",
					"$(inherited)",
				);
				GCC_WARN_64_TO_32_BIT_CONVERSION = YES;
				GCC_WARN_ABOUT_RETURN_TYPE = YES_ERROR;
				GCC_WARN_UNDECLARED_SELECTOR = YES;
				GCC_WARN_UNINITIALIZED_AUTOS = YES_AGGRESSIVE;
				GCC_WARN_UNUSED_FUNCTION = YES;
				GCC_WARN_UNUSED_VARIABLE = YES;
				IPHONEOS_DEPLOYMENT_TARGET = 18.0;
				LOCALIZATION_PREFERS_STRING_CATALOGS = YES;
				MTL_ENABLE_DEBUG_INFO = INCLUDE_SOURCE;
				MTL_FAST_MATH = YES;
				ONLY_ACTIVE_ARCH = YES;
				SDKROOT = iphoneos;
				SWIFT_ACTIVE_COMPILATION_CONDITIONS = "DEBUG $(inherited)";
				SWIFT_OPTIMIZATION_LEVEL = "-Onone";
			};
			name = Debug;
		};
		D984FF772CB7B8F600EF30B7 /* Release */ = {
			isa = XCBuildConfiguration;
			buildSettings = {
				ALWAYS_SEARCH_USER_PATHS = NO;
				ASSETCATALOG_COMPILER_GENERATE_SWIFT_ASSET_SYMBOL_EXTENSIONS = YES;
				CLANG_ANALYZER_NONNULL = YES;
				CLANG_ANALYZER_NUMBER_OBJECT_CONVERSION = YES_AGGRESSIVE;
				CLANG_CXX_LANGUAGE_STANDARD = "gnu++20";
				CLANG_ENABLE_MODULES = YES;
				CLANG_ENABLE_OBJC_ARC = YES;
				CLANG_ENABLE_OBJC_WEAK = YES;
				CLANG_WARN_BLOCK_CAPTURE_AUTORELEASING = YES;
				CLANG_WARN_BOOL_CONVERSION = YES;
				CLANG_WARN_COMMA = YES;
				CLANG_WARN_CONSTANT_CONVERSION = YES;
				CLANG_WARN_DEPRECATED_OBJC_IMPLEMENTATIONS = YES;
				CLANG_WARN_DIRECT_OBJC_ISA_USAGE = YES_ERROR;
				CLANG_WARN_DOCUMENTATION_COMMENTS = YES;
				CLANG_WARN_EMPTY_BODY = YES;
				CLANG_WARN_ENUM_CONVERSION = YES;
				CLANG_WARN_INFINITE_RECURSION = YES;
				CLANG_WARN_INT_CONVERSION = YES;
				CLANG_WARN_NON_LITERAL_NULL_CONVERSION = YES;
				CLANG_WARN_OBJC_IMPLICIT_RETAIN_SELF = YES;
				CLANG_WARN_OBJC_LITERAL_CONVERSION = YES;
				CLANG_WARN_OBJC_ROOT_CLASS = YES_ERROR;
				CLANG_WARN_QUOTED_INCLUDE_IN_FRAMEWORK_HEADER = YES;
				CLANG_WARN_RANGE_LOOP_ANALYSIS = YES;
				CLANG_WARN_STRICT_PROTOTYPES = YES;
				CLANG_WARN_SUSPICIOUS_MOVE = YES;
				CLANG_WARN_UNGUARDED_AVAILABILITY = YES_AGGRESSIVE;
				CLANG_WARN_UNREACHABLE_CODE = YES;
				CLANG_WARN__DUPLICATE_METHOD_MATCH = YES;
				COPY_PHASE_STRIP = NO;
				DEBUG_INFORMATION_FORMAT = "dwarf-with-dsym";
				ENABLE_NS_ASSERTIONS = NO;
				ENABLE_STRICT_OBJC_MSGSEND = YES;
				ENABLE_USER_SCRIPT_SANDBOXING = YES;
				GCC_C_LANGUAGE_STANDARD = gnu17;
				GCC_NO_COMMON_BLOCKS = YES;
				GCC_WARN_64_TO_32_BIT_CONVERSION = YES;
				GCC_WARN_ABOUT_RETURN_TYPE = YES_ERROR;
				GCC_WARN_UNDECLARED_SELECTOR = YES;
				GCC_WARN_UNINITIALIZED_AUTOS = YES_AGGRESSIVE;
				GCC_WARN_UNUSED_FUNCTION = YES;
				GCC_WARN_UNUSED_VARIABLE = YES;
				IPHONEOS_DEPLOYMENT_TARGET = 18.0;
				LOCALIZATION_PREFERS_STRING_CATALOGS = YES;
				MTL_ENABLE_DEBUG_INFO = NO;
				MTL_FAST_MATH = YES;
				SDKROOT = iphoneos;
				SWIFT_COMPILATION_MODE = wholemodule;
				VALIDATE_PRODUCT = YES;
			};
			name = Release;
		};
		D984FF792CB7B8F600EF30B7 /* Debug */ = {
			isa = XCBuildConfiguration;
			buildSettings = {
				BUNDLE_LOADER = "$(TEST_HOST)";
				CODE_SIGN_STYLE = Automatic;
				CURRENT_PROJECT_VERSION = 1;
				GENERATE_INFOPLIST_FILE = YES;
				IPHONEOS_DEPLOYMENT_TARGET = 18.0;
				MARKETING_VERSION = 1.0;
				PRODUCT_BUNDLE_IDENTIFIER = com.me.StoryBoardTests;
				PRODUCT_NAME = "$(TARGET_NAME)";
				SWIFT_EMIT_LOC_STRINGS = NO;
				SWIFT_VERSION = 5.0;
				TARGETED_DEVICE_FAMILY = "1,2";
				TEST_HOST = "$(BUILT_PRODUCTS_DIR)/StoryBoard.app/$(BUNDLE_EXECUTABLE_FOLDER_PATH)/StoryBoard";
			};
			name = Debug;
		};
		D984FF7A2CB7B8F600EF30B7 /* Release */ = {
			isa = XCBuildConfiguration;
			buildSettings = {
				BUNDLE_LOADER = "$(TEST_HOST)";
				CODE_SIGN_STYLE = Automatic;
				CURRENT_PROJECT_VERSION = 1;
				GENERATE_INFOPLIST_FILE = YES;
				IPHONEOS_DEPLOYMENT_TARGET = 18.0;
				MARKETING_VERSION = 1.0;
				PRODUCT_BUNDLE_IDENTIFIER = com.me.StoryBoardTests;
				PRODUCT_NAME = "$(TARGET_NAME)";
				SWIFT_EMIT_LOC_STRINGS = NO;
				SWIFT_VERSION = 5.0;
				TARGETED_DEVICE_FAMILY = "1,2";
				TEST_HOST = "$(BUILT_PRODUCTS_DIR)/StoryBoard.app/$(BUNDLE_EXECUTABLE_FOLDER_PATH)/StoryBoard";
			};
			name = Release;
		};
		D984FF7C2CB7B8F600EF30B7 /* Debug */ = {
			isa = XCBuildConfiguration;
			buildSettings = {
				CODE_SIGN_STYLE = Automatic;
				CURRENT_PROJECT_VERSION = 1;
				GENERATE_INFOPLIST_FILE = YES;
				MARKETING_VERSION = 1.0;
				PRODUCT_BUNDLE_IDENTIFIER = com.me.StoryBoardUITests;
				PRODUCT_NAME = "$(TARGET_NAME)";
				SWIFT_EMIT_LOC_STRINGS = NO;
				SWIFT_VERSION = 5.0;
				TARGETED_DEVICE_FAMILY = "1,2";
				TEST_TARGET_NAME = StoryBoard;
			};
			name = Debug;
		};
		D984FF7D2CB7B8F600EF30B7 /* Release */ = {
			isa = XCBuildConfiguration;
			buildSettings = {
				CODE_SIGN_STYLE = Automatic;
				CURRENT_PROJECT_VERSION = 1;
				GENERATE_INFOPLIST_FILE = YES;
				MARKETING_VERSION = 1.0;
				PRODUCT_BUNDLE_IDENTIFIER = com.me.StoryBoardUITests;
				PRODUCT_NAME = "$(TARGET_NAME)";
				SWIFT_EMIT_LOC_STRINGS = NO;
				SWIFT_VERSION = 5.0;
				TARGETED_DEVICE_FAMILY = "1,2";
				TEST_TARGET_NAME = StoryBoard;
			};
			name = Release;
		};
/* End XCBuildConfiguration section */

/* Begin XCConfigurationList section */
		D984FF452CB7B8F400EF30B7 /* Build configuration list for PBXProject "StoryBoard" */ = {
			isa = XCConfigurationList;
			buildConfigurations = (
				D984FF762CB7B8F600EF30B7 /* Debug */,
				D984FF772CB7B8F600EF30B7 /* Release */,
			);
			defaultConfigurationIsVisible = 0;
			defaultConfigurationName = Release;
		};
		D984FF732CB7B8F600EF30B7 /* Build configuration list for PBXNativeTarget "StoryBoard" */ = {
			isa = XCConfigurationList;
			buildConfigurations = (
				D984FF742CB7B8F600EF30B7 /* Debug */,
				D984FF752CB7B8F600EF30B7 /* Release */,
			);
			defaultConfigurationIsVisible = 0;
			defaultConfigurationName = Release;
		};
		D984FF782CB7B8F600EF30B7 /* Build configuration list for PBXNativeTarget "StoryBoardTests" */ = {
			isa = XCConfigurationList;
			buildConfigurations = (
				D984FF792CB7B8F600EF30B7 /* Debug */,
				D984FF7A2CB7B8F600EF30B7 /* Release */,
			);
			defaultConfigurationIsVisible = 0;
			defaultConfigurationName = Release;
		};
		D984FF7B2CB7B8F600EF30B7 /* Build configuration list for PBXNativeTarget "StoryBoardUITests" */ = {
			isa = XCConfigurationList;
			buildConfigurations = (
				D984FF7C2CB7B8F600EF30B7 /* Debug */,
				D984FF7D2CB7B8F600EF30B7 /* Release */,
			);
			defaultConfigurationIsVisible = 0;
			defaultConfigurationName = Release;
		};
/* End XCConfigurationList section */
	};
	rootObject = D984FF422CB7B8F400EF30B7 /* Project object */;
}
